
Microsoft Visual Studio Solution File, Format Version 12.00
# Visual Studio 15
VisualStudioVersion = 15.0.27130.2027
MinimumVisualStudioVersion = 10.0.40219.1
Project("{FAE04EC0-301F-11D3-BF4B-00C04F79EFBC}") = "TestWCFService", "TestWCFService\TestWCFService.csproj", "{435E6B34-A02E-4244-826D-96AAD89596B9}"
EndProject
Global
	GlobalSection(SolutionConfigurationPlatforms) = preSolution
		Debug|Any CPU = Debug|Any CPU
		Release|Any CPU = Release|Any CPU
	EndGlobalSection
	GlobalSection(ProjectConfigurationPlatforms) = postSolution
		{435E6B34-A02E-4244-826D-96AAD89596B9}.Debug|Any CPU.ActiveCfg = Debug|Any CPU
		{435E6B34-A02E-4244-826D-96AAD89596B9}.Debug|Any CPU.Build.0 = Debug|Any CPU
		{435E6B34-A02E-4244-826D-96AAD89596B9}.Release|Any CPU.ActiveCfg = Release|Any CPU
		{435E6B34-A02E-4244-826D-96AAD89596B9}.Release|Any CPU.Build.0 = Release|Any CPU
	EndGlobalSection
	GlobalSection(SolutionProperties) = preSolution
		HideSolutionNode = FALSE
	EndGlobalSection
	GlobalSection(ExtensibilityGlobals) = postSolution
		SolutionGuid = {C4F1CA94-7B07-437B-A092-6CC99A1186AC}
	EndGlobalSection
EndGlobal
